
Microsoft Visual Studio Solution File, Format Version 12.00
# Visual Studio Version 16
VisualStudioVersion = 16.0.29519.87
MinimumVisualStudioVersion = 10.0.40219.1
Project("{FAE04EC0-301F-11D3-BF4B-00C04F79EFBC}") = "LonelyIslandTelegramBot", "LonelyIslandTelegramBot\LonelyIslandTelegramBot.csproj", "{819CEC28-9B64-492B-847A-1C2B7951F8C3}"
EndProject
Global
	GlobalSection(SolutionConfigurationPlatforms) = preSolution
		Debug|Any CPU = Debug|Any CPU
		Release|Any CPU = Release|Any CPU
	EndGlobalSection
	GlobalSection(ProjectConfigurationPlatforms) = postSolution
		{819CEC28-9B64-492B-847A-1C2B7951F8C3}.Debug|Any CPU.ActiveCfg = Debug|Any CPU
		{819CEC28-9B64-492B-847A-1C2B7951F8C3}.Debug|Any CPU.Build.0 = Debug|Any CPU
		{819CEC28-9B64-492B-847A-1C2B7951F8C3}.Release|Any CPU.ActiveCfg = Release|Any CPU
		{819CEC28-9B64-492B-847A-1C2B7951F8C3}.Release|Any CPU.Build.0 = Release|Any CPU
	EndGlobalSection
	GlobalSection(SolutionProperties) = preSolution
		HideSolutionNode = FALSE
	EndGlobalSection
	GlobalSection(ExtensibilityGlobals) = postSolution
		SolutionGuid = {D2DB04BD-1801-4209-9ACE-65A00E3CE946}
	EndGlobalSection
EndGlobal
